// !$*UTF8*$!
{
	archiveVersion = 1;
	classes = {
	};
	objectVersion = 46;
	objects = {

/* Begin PBXBuildFile section */
		D03326F91E54FF090046F11D /* main.m in Sources */ = {isa = PBXBuildFile; fileRef = D03326F81E54FF090046F11D /* main.m */; };
		D03326FC1E54FF090046F11D /* AppDelegate.m in Sources */ = {isa = PBXBuildFile; fileRef = D03326FB1E54FF090046F11D /* AppDelegate.m */; };
		D03327041E54FF090046F11D /* Assets.xcassets in Resources */ = {isa = PBXBuildFile; fileRef = D03327031E54FF090046F11D /* Assets.xcassets */; };
		D03327071E54FF090046F11D /* LaunchScreen.storyboard in Resources */ = {isa = PBXBuildFile; fileRef = D03327051E54FF090046F11D /* LaunchScreen.storyboard */; };
		D03327101E54FF4F0046F11D /* OpenGLView.m in Sources */ = {isa = PBXBuildFile; fileRef = D033270F1E54FF4F0046F11D /* OpenGLView.m */; };
		D03327131E550CE60046F11D /* OpenGLES.framework in Frameworks */ = {isa = PBXBuildFile; fileRef = D03327121E550CE60046F11D /* OpenGLES.framework */; };
		D03327151E550CEF0046F11D /* QuartzCore.framework in Frameworks */ = {isa = PBXBuildFile; fileRef = D03327141E550CEF0046F11D /* QuartzCore.framework */; };
		D03327171E5516710046F11D /* SimpleVertex.glsl in Resources */ = {isa = PBXBuildFile; fileRef = D03327161E5516710046F11D /* SimpleVertex.glsl */; };
		D03327191E5517D50046F11D /* SimpleFragment.glsl in Resources */ = {isa = PBXBuildFile; fileRef = D03327181E5517D50046F11D /* SimpleFragment.glsl */; };
		D03327251E560E9B0046F11D /* CC3Foundation.m in Sources */ = {isa = PBXBuildFile; fileRef = D033271C1E560E9B0046F11D /* CC3Foundation.m */; settings = {COMPILER_FLAGS = "-fno-objc-arc"; }; };
		D03327261E560E9B0046F11D /* CC3GLMatrix.m in Sources */ = {isa = PBXBuildFile; fileRef = D033271E1E560E9B0046F11D /* CC3GLMatrix.m */; settings = {COMPILER_FLAGS = "-fno-objc-arc"; }; };
		D03327271E560E9B0046F11D /* CC3Kazmath.c in Sources */ = {isa = PBXBuildFile; fileRef = D033271F1E560E9B0046F11D /* CC3Kazmath.c */; settings = {COMPILER_FLAGS = "-fno-objc-arc"; }; };
		D03327281E560E9B0046F11D /* CC3Math.m in Sources */ = {isa = PBXBuildFile; fileRef = D03327231E560E9B0046F11D /* CC3Math.m */; settings = {COMPILER_FLAGS = "-fno-objc-arc"; }; };
/* End PBXBuildFile section */

/* Begin PBXFileReference section */
		D03326F41E54FF090046F11D /* HelloOpenGL.app */ = {isa = PBXFileReference; explicitFileType = wrapper.application; includeInIndex = 0; path = HelloOpenGL.app; sourceTree = BUILT_PRODUCTS_DIR; };
		D03326F81E54FF090046F11D /* main.m */ = {isa = PBXFileReference; lastKnownFileType = sourcecode.c.objc; path = main.m; sourceTree = "<group>"; };
		D03326FA1E54FF090046F11D /* AppDelegate.h */ = {isa = PBXFileReference; lastKnownFileType = sourcecode.c.h; path = AppDelegate.h; sourceTree = "<group>"; };
		D03326FB1E54FF090046F11D /* AppDelegate.m */ = {isa = PBXFileReference; lastKnownFileType = sourcecode.c.objc; path = AppDelegate.m; sourceTree = "<group>"; };
		D03327031E54FF090046F11D /* Assets.xcassets */ = {isa = PBXFileReference; lastKnownFileType = folder.assetcatalog; path = Assets.xcassets; sourceTree = "<group>"; };
		D03327061E54FF090046F11D /* Base */ = {isa = PBXFileReference; lastKnownFileType = file.storyboard; name = Base; path = Base.lproj/LaunchScreen.storyboard; sourceTree = "<group>"; };
		D03327081E54FF090046F11D /* Info.plist */ = {isa = PBXFileReference; lastKnownFileType = text.plist.xml; path = Info.plist; sourceTree = "<group>"; };
		D033270E1E54FF4F0046F11D /* OpenGLView.h */ = {isa = PBXFileReference; fileEncoding = 4; lastKnownFileType = sourcecode.c.h; name = OpenGLView.h; path = ../OpenGLView.h; sourceTree = "<group>"; };
		D033270F1E54FF4F0046F11D /* OpenGLView.m */ = {isa = PBXFileReference; fileEncoding = 4; lastKnownFileType = sourcecode.c.objc; name = OpenGLView.m; path = ../OpenGLView.m; sourceTree = "<group>"; };
		D03327121E550CE60046F11D /* OpenGLES.framework */ = {isa = PBXFileReference; lastKnownFileType = wrapper.framework; name = OpenGLES.framework; path = System/Library/Frameworks/OpenGLES.framework; sourceTree = SDKROOT; };
		D03327141E550CEF0046F11D /* QuartzCore.framework */ = {isa = PBXFileReference; lastKnownFileType = wrapper.framework; name = QuartzCore.framework; path = System/Library/Frameworks/QuartzCore.framework; sourceTree = SDKROOT; };
		D03327161E5516710046F11D /* SimpleVertex.glsl */ = {isa = PBXFileReference; fileEncoding = 4; lastKnownFileType = text; path = SimpleVertex.glsl; sourceTree = "<group>"; };
		D03327181E5517D50046F11D /* SimpleFragment.glsl */ = {isa = PBXFileReference; fileEncoding = 4; lastKnownFileType = text; path = SimpleFragment.glsl; sourceTree = "<group>"; };
		D033271B1E560E9B0046F11D /* CC3Foundation.h */ = {isa = PBXFileReference; fileEncoding = 4; lastKnownFileType = sourcecode.c.h; path = CC3Foundation.h; sourceTree = "<group>"; };
		D033271C1E560E9B0046F11D /* CC3Foundation.m */ = {isa = PBXFileReference; fileEncoding = 4; lastKnownFileType = sourcecode.c.objc; path = CC3Foundation.m; sourceTree = "<group>"; };
		D033271D1E560E9B0046F11D /* CC3GLMatrix.h */ = {isa = PBXFileReference; fileEncoding = 4; lastKnownFileType = sourcecode.c.h; path = CC3GLMatrix.h; sourceTree = "<group>"; };
		D033271E1E560E9B0046F11D /* CC3GLMatrix.m */ = {isa = PBXFileReference; fileEncoding = 4; lastKnownFileType = sourcecode.c.objc; path = CC3GLMatrix.m; sourceTree = "<group>"; };
		D033271F1E560E9B0046F11D /* CC3Kazmath.c */ = {isa = PBXFileReference; fileEncoding = 4; lastKnownFileType = sourcecode.c.c; path = CC3Kazmath.c; sourceTree = "<group>"; };
		D03327201E560E9B0046F11D /* CC3Kazmath.h */ = {isa = PBXFileReference; fileEncoding = 4; lastKnownFileType = sourcecode.c.h; path = CC3Kazmath.h; sourceTree = "<group>"; };
		D03327211E560E9B0046F11D /* CC3Logging.h */ = {isa = PBXFileReference; fileEncoding = 4; lastKnownFileType = sourcecode.c.h; path = CC3Logging.h; sourceTree = "<group>"; };
		D03327221E560E9B0046F11D /* CC3Math.h */ = {isa = PBXFileReference; fileEncoding = 4; lastKnownFileType = sourcecode.c.h; path = CC3Math.h; sourceTree = "<group>"; };
		D03327231E560E9B0046F11D /* CC3Math.m */ = {isa = PBXFileReference; fileEncoding = 4; lastKnownFileType = sourcecode.c.objc; path = CC3Math.m; sourceTree = "<group>"; };
		D03327241E560E9B0046F11D /* ccTypes.h */ = {isa = PBXFileReference; fileEncoding = 4; lastKnownFileType = sourcecode.c.h; path = ccTypes.h; sourceTree = "<group>"; };
/* End PBXFileReference section */

/* Begin PBXFrameworksBuildPhase section */
		D03326F11E54FF090046F11D /* Frameworks */ = {
			isa = PBXFrameworksBuildPhase;
			buildActionMask = 2147483647;
			files = (
				D03327151E550CEF0046F11D /* QuartzCore.framework in Frameworks */,
				D03327131E550CE60046F11D /* OpenGLES.framework in Frameworks */,
			);
			runOnlyForDeploymentPostprocessing = 0;
		};
/* End PBXFrameworksBuildPhase section */

/* Begin PBXGroup section */
		D03326EB1E54FF090046F11D = {
			isa = PBXGroup;
			children = (
				D03326F61E54FF090046F11D /* HelloOpenGL */,
				D03326F51E54FF090046F11D /* Products */,
				D03327161E5516710046F11D /* SimpleVertex.glsl */,
				D03327181E5517D50046F11D /* SimpleFragment.glsl */,
				D03327111E550CE60046F11D /* Frameworks */,
			);
			sourceTree = "<group>";
		};
		D03326F51E54FF090046F11D /* Products */ = {
			isa = PBXGroup;
			children = (
				D03326F41E54FF090046F11D /* HelloOpenGL.app */,
			);
			name = Products;
			sourceTree = "<group>";
		};
		D03326F61E54FF090046F11D /* HelloOpenGL */ = {
			isa = PBXGroup;
			children = (
				D033270E1E54FF4F0046F11D /* OpenGLView.h */,
				D033270F1E54FF4F0046F11D /* OpenGLView.m */,
				D03326FA1E54FF090046F11D /* AppDelegate.h */,
				D03326FB1E54FF090046F11D /* AppDelegate.m */,
				D03327031E54FF090046F11D /* Assets.xcassets */,
				D03327051E54FF090046F11D /* LaunchScreen.storyboard */,
				D03327081E54FF090046F11D /* Info.plist */,
				D03326F71E54FF090046F11D /* Supporting Files */,
			);
			path = HelloOpenGL;
			sourceTree = "<group>";
		};
		D03326F71E54FF090046F11D /* Supporting Files */ = {
			isa = PBXGroup;
			children = (
				D033271A1E560E9B0046F11D /* Cocos3DMathLib */,
				D03326F81E54FF090046F11D /* main.m */,
			);
			name = "Supporting Files";
			sourceTree = "<group>";
		};
		D03327111E550CE60046F11D /* Frameworks */ = {
			isa = PBXGroup;
			children = (
				D03327141E550CEF0046F11D /* QuartzCore.framework */,
				D03327121E550CE60046F11D /* OpenGLES.framework */,
			);
			name = Frameworks;
			sourceTree = "<group>";
		};
		D033271A1E560E9B0046F11D /* Cocos3DMathLib */ = {
			isa = PBXGroup;
			children = (
				D033271B1E560E9B0046F11D /* CC3Foundation.h */,
				D033271C1E560E9B0046F11D /* CC3Foundation.m */,
				D033271D1E560E9B0046F11D /* CC3GLMatrix.h */,
				D033271E1E560E9B0046F11D /* CC3GLMatrix.m */,
				D033271F1E560E9B0046F11D /* CC3Kazmath.c */,
				D03327201E560E9B0046F11D /* CC3Kazmath.h */,
				D03327211E560E9B0046F11D /* CC3Logging.h */,
				D03327221E560E9B0046F11D /* CC3Math.h */,
				D03327231E560E9B0046F11D /* CC3Math.m */,
				D03327241E560E9B0046F11D /* ccTypes.h */,
			);
			path = Cocos3DMathLib;
			sourceTree = "<group>";
		};
/* End PBXGroup section */

/* Begin PBXNativeTarget section */
		D03326F31E54FF090046F11D /* HelloOpenGL */ = {
			isa = PBXNativeTarget;
			buildConfigurationList = D033270B1E54FF090046F11D /* Build configuration list for PBXNativeTarget "HelloOpenGL" */;
			buildPhases = (
				D03326F01E54FF090046F11D /* Sources */,
				D03326F11E54FF090046F11D /* Frameworks */,
				D03326F21E54FF090046F11D /* Resources */,
			);
			buildRules = (
			);
			dependencies = (
			);
			name = HelloOpenGL;
			productName = HelloOpenGL;
			productReference = D03326F41E54FF090046F11D /* HelloOpenGL.app */;
			productType = "com.apple.product-type.application";
		};
/* End PBXNativeTarget section */

/* Begin PBXProject section */
		D03326EC1E54FF090046F11D /* Project object */ = {
			isa = PBXProject;
			attributes = {
				LastUpgradeCheck = 0820;
				ORGANIZATIONNAME = "Randy McLain";
				TargetAttributes = {
					D03326F31E54FF090046F11D = {
						CreatedOnToolsVersion = 8.2.1;
						DevelopmentTeam = 6TJLVHQ9HQ;
						ProvisioningStyle = Automatic;
					};
				};
			};
			buildConfigurationList = D03326EF1E54FF090046F11D /* Build configuration list for PBXProject "HelloOpenGL" */;
			compatibilityVersion = "Xcode 3.2";
			developmentRegion = English;
			hasScannedForEncodings = 0;
			knownRegions = (
				English,
				en,
				Base,
			);
			mainGroup = D03326EB1E54FF090046F11D;
			productRefGroup = D03326F51E54FF090046F11D /* Products */;
			projectDirPath = "";
			projectRoot = "";
			targets = (
				D03326F31E54FF090046F11D /* HelloOpenGL */,
			);
		};
/* End PBXProject section */

/* Begin PBXResourcesBuildPhase section */
		D03326F21E54FF090046F11D /* Resources */ = {
			isa = PBXResourcesBuildPhase;
			buildActionMask = 2147483647;
			files = (
				D03327071E54FF090046F11D /* LaunchScreen.storyboard in Resources */,
				D03327191E5517D50046F11D /* SimpleFragment.glsl in Resources */,
				D03327041E54FF090046F11D /* Assets.xcassets in Resources */,
				D03327171E5516710046F11D /* SimpleVertex.glsl in Resources */,
			);
			runOnlyForDeploymentPostprocessing = 0;
		};
/* End PBXResourcesBuildPhase section */

/* Begin PBXSourcesBuildPhase section */
		D03326F01E54FF090046F11D /* Sources */ = {
			isa = PBXSourcesBuildPhase;
			buildActionMask = 2147483647;
			files = (
				D03327271E560E9B0046F11D /* CC3Kazmath.c in Sources */,
				D03326FC1E54FF090046F11D /* AppDelegate.m in Sources */,
				D03326F91E54FF090046F11D /* main.m in Sources */,
				D03327251E560E9B0046F11D /* CC3Foundation.m in Sources */,
				D03327261E560E9B0046F11D /* CC3GLMatrix.m in Sources */,
				D03327281E560E9B0046F11D /* CC3Math.m in Sources */,
				D03327101E54FF4F0046F11D /* OpenGLView.m in Sources */,
			);
			runOnlyForDeploymentPostprocessing = 0;
		};
/* End PBXSourcesBuildPhase section */

/* Begin PBXVariantGroup section */
		D03327051E54FF090046F11D /* LaunchScreen.storyboard */ = {
			isa = PBXVariantGroup;
			children = (
				D03327061E54FF090046F11D /* Base */,
			);
			name = LaunchScreen.storyboard;
			sourceTree = "<group>";
		};
/* End PBXVariantGroup section */

/* Begin XCBuildConfiguration section */
		D03327091E54FF090046F11D /* Debug */ = {
			isa = XCBuildConfiguration;
			buildSettings = {
				ALWAYS_SEARCH_USER_PATHS = NO;
				CLANG_ANALYZER_NONNULL = YES;
				CLANG_CXX_LANGUAGE_STANDARD = "gnu++0x";
				CLANG_CXX_LIBRARY = "libc++";
				CLANG_ENABLE_MODULES = YES;
				CLANG_ENABLE_OBJC_ARC = YES;
				CLANG_WARN_BOOL_CONVERSION = YES;
				CLANG_WARN_CONSTANT_CONVERSION = YES;
				CLANG_WARN_DIRECT_OBJC_ISA_USAGE = YES_ERROR;
				CLANG_WARN_DOCUMENTATION_COMMENTS = YES;
				CLANG_WARN_EMPTY_BODY = YES;
				CLANG_WARN_ENUM_CONVERSION = YES;
				CLANG_WARN_INFINITE_RECURSION = YES;
				CLANG_WARN_INT_CONVERSION = YES;
				CLANG_WARN_OBJC_ROOT_CLASS = YES_ERROR;
				CLANG_WARN_SUSPICIOUS_MOVE = YES;
				CLANG_WARN_UNREACHABLE_CODE = YES;
				CLANG_WARN__DUPLICATE_METHOD_MATCH = YES;
				"CODE_SIGN_IDENTITY[sdk=iphoneos*]" = "iPhone Developer";
				COPY_PHASE_STRIP = NO;
				DEBUG_INFORMATION_FORMAT = dwarf;
				ENABLE_STRICT_OBJC_MSGSEND = YES;
				ENABLE_TESTABILITY = YES;
				GCC_C_LANGUAGE_STANDARD = gnu99;
				GCC_DYNAMIC_NO_PIC = NO;
				GCC_NO_COMMON_BLOCKS = YES;
				GCC_OPTIMIZATION_LEVEL = 0;
				GCC_PREPROCESSOR_DEFINITIONS = (
					"DEBUG=1",
					"$(inherited)",
				);
				GCC_WARN_64_TO_32_BIT_CONVERSION = YES;
				GCC_WARN_ABOUT_RETURN_TYPE = YES_ERROR;
				GCC_WARN_UNDECLARED_SELECTOR = YES;
				GCC_WARN_UNINITIALIZED_AUTOS = YES_AGGRESSIVE;
				GCC_WARN_UNUSED_FUNCTION = YES;
				GCC_WARN_UNUSED_VARIABLE = YES;
				IPHONEOS_DEPLOYMENT_TARGET = 10.2;
				MTL_ENABLE_DEBUG_INFO = YES;
				ONLY_ACTIVE_ARCH = YES;
				SDKROOT = iphoneos;
				TARGETED_DEVICE_FAMILY = "1,2";
			};
			name = Debug;
		};
		D033270A1E54FF090046F11D /* Release */ = {
			isa = XCBuildConfiguration;
			buildSettings = {
				ALWAYS_SEARCH_USER_PATHS = NO;
				CLANG_ANALYZER_NONNULL = YES;
				CLANG_CXX_LANGUAGE_STANDARD = "gnu++0x";
				CLANG_CXX_LIBRARY = "libc++";
				CLANG_ENABLE_MODULES = YES;
				CLANG_ENABLE_OBJC_ARC = YES;
				CLANG_WARN_BOOL_CONVERSION = YES;
				CLANG_WARN_CONSTANT_CONVERSION = YES;
				CLANG_WARN_DIRECT_OBJC_ISA_USAGE = YES_ERROR;
				CLANG_WARN_DOCUMENTATION_COMMENTS = YES;
				CLANG_WARN_EMPTY_BODY = YES;
				CLANG_WARN_ENUM_CONVERSION = YES;
				CLANG_WARN_INFINITE_RECURSION = YES;
				CLANG_WARN_INT_CONVERSION = YES;
				CLANG_WARN_OBJC_ROOT_CLASS = YES_ERROR;
				CLANG_WARN_SUSPICIOUS_MOVE = YES;
				CLANG_WARN_UNREACHABLE_CODE = YES;
				CLANG_WARN__DUPLICATE_METHOD_MATCH = YES;
				"CODE_SIGN_IDENTITY[sdk=iphoneos*]" = "iPhone Developer";
				COPY_PHASE_STRIP = NO;
				DEBUG_INFORMATION_FORMAT = "dwarf-with-dsym";
				ENABLE_NS_ASSERTIONS = NO;
				ENABLE_STRICT_OBJC_MSGSEND = YES;
				GCC_C_LANGUAGE_STANDARD = gnu99;
				GCC_NO_COMMON_BLOCKS = YES;
				GCC_WARN_64_TO_32_BIT_CONVERSION = YES;
				GCC_WARN_ABOUT_RETURN_TYPE = YES_ERROR;
				GCC_WARN_UNDECLARED_SELECTOR = YES;
				GCC_WARN_UNINITIALIZED_AUTOS = YES_AGGRESSIVE;
				GCC_WARN_UNUSED_FUNCTION = YES;
				GCC_WARN_UNUSED_VARIABLE = YES;
				IPHONEOS_DEPLOYMENT_TARGET = 10.2;
				MTL_ENABLE_DEBUG_INFO = NO;
				SDKROOT = iphoneos;
				TARGETED_DEVICE_FAMILY = "1,2";
				VALIDATE_PRODUCT = YES;
			};
			name = Release;
		};
		D033270C1E54FF090046F11D /* Debug */ = {
			isa = XCBuildConfiguration;
			buildSettings = {
				ASSETCATALOG_COMPILER_APPICON_NAME = AppIcon;
				DEVELOPMENT_TEAM = 6TJLVHQ9HQ;
				INFOPLIST_FILE = HelloOpenGL/Info.plist;
				LD_RUNPATH_SEARCH_PATHS = "$(inherited) @executable_path/Frameworks";
				PRODUCT_BUNDLE_IDENTIFIER = "----.HelloOpenGL";
				PRODUCT_NAME = "$(TARGET_NAME)";
			};
			name = Debug;
		};
		D033270D1E54FF090046F11D /* Release */ = {
			isa = XCBuildConfiguration;
			buildSettings = {
				ASSETCATALOG_COMPILER_APPICON_NAME = AppIcon;
				DEVELOPMENT_TEAM = 6TJLVHQ9HQ;
				INFOPLIST_FILE = HelloOpenGL/Info.plist;
				LD_RUNPATH_SEARCH_PATHS = "$(inherited) @executable_path/Frameworks";
				PRODUCT_BUNDLE_IDENTIFIER = "----.HelloOpenGL";
				PRODUCT_NAME = "$(TARGET_NAME)";
			};
			name = Release;
		};
/* End XCBuildConfiguration section */

/* Begin XCConfigurationList section */
		D03326EF1E54FF090046F11D /* Build configuration list for PBXProject "HelloOpenGL" */ = {
			isa = XCConfigurationList;
			buildConfigurations = (
				D03327091E54FF090046F11D /* Debug */,
				D033270A1E54FF090046F11D /* Release */,
			);
			defaultConfigurationIsVisible = 0;
			defaultConfigurationName = Release;
		};
		D033270B1E54FF090046F11D /* Build configuration list for PBXNativeTarget "HelloOpenGL" */ = {
			isa = XCConfigurationList;
			buildConfigurations = (
				D033270C1E54FF090046F11D /* Debug */,
				D033270D1E54FF090046F11D /* Release */,
			);
			defaultConfigurationIsVisible = 0;
			defaultConfigurationName = Release;
		};
/* End XCConfigurationList section */
	};
	rootObject = D03326EC1E54FF090046F11D /* Project object */;
}
